
Microsoft Visual Studio Solution File, Format Version 12.00
# Visual Studio Version 16
VisualStudioVersion = 16.0.30523.141
MinimumVisualStudioVersion = 10.0.40219.1
Project("{FAE04EC0-301F-11D3-BF4B-00C04F79EFBC}") = "Entity2", "Entity2\Entity2.csproj", "{448BF2E8-33AF-44E3-B566-9DD02F84A9F4}"
EndProject
Global
	GlobalSection(SolutionConfigurationPlatforms) = preSolution
		Debug|Any CPU = Debug|Any CPU
		Release|Any CPU = Release|Any CPU
	EndGlobalSection
	GlobalSection(ProjectConfigurationPlatforms) = postSolution
		{448BF2E8-33AF-44E3-B566-9DD02F84A9F4}.Debug|Any CPU.ActiveCfg = Debug|Any CPU
		{448BF2E8-33AF-44E3-B566-9DD02F84A9F4}.Debug|Any CPU.Build.0 = Debug|Any CPU
		{448BF2E8-33AF-44E3-B566-9DD02F84A9F4}.Release|Any CPU.ActiveCfg = Release|Any CPU
		{448BF2E8-33AF-44E3-B566-9DD02F84A9F4}.Release|Any CPU.Build.0 = Release|Any CPU
	EndGlobalSection
	GlobalSection(SolutionProperties) = preSolution
		HideSolutionNode = FALSE
	EndGlobalSection
	GlobalSection(ExtensibilityGlobals) = postSolution
		SolutionGuid = {170A3CEB-2992-4C14-9463-8A11D22BE300}
	EndGlobalSection
EndGlobal
