
Microsoft Visual Studio Solution File, Format Version 12.00
# Visual Studio Version 16
VisualStudioVersion = 16.0.30717.126
MinimumVisualStudioVersion = 10.0.40219.1
Project("{FAE04EC0-301F-11D3-BF4B-00C04F79EFBC}") = "Test2", "Test2\Test2.csproj", "{0BB37FCC-69BF-4FE7-B50E-B001DF052116}"
EndProject
Global
	GlobalSection(SolutionConfigurationPlatforms) = preSolution
		Debug|Any CPU = Debug|Any CPU
		Release|Any CPU = Release|Any CPU
	EndGlobalSection
	GlobalSection(ProjectConfigurationPlatforms) = postSolution
		{0BB37FCC-69BF-4FE7-B50E-B001DF052116}.Debug|Any CPU.ActiveCfg = Debug|Any CPU
		{0BB37FCC-69BF-4FE7-B50E-B001DF052116}.Debug|Any CPU.Build.0 = Debug|Any CPU
		{0BB37FCC-69BF-4FE7-B50E-B001DF052116}.Release|Any CPU.ActiveCfg = Release|Any CPU
		{0BB37FCC-69BF-4FE7-B50E-B001DF052116}.Release|Any CPU.Build.0 = Release|Any CPU
	EndGlobalSection
	GlobalSection(SolutionProperties) = preSolution
		HideSolutionNode = FALSE
	EndGlobalSection
	GlobalSection(ExtensibilityGlobals) = postSolution
		SolutionGuid = {EF0B5A7A-2D43-46C7-AE98-33B56F671E7C}
	EndGlobalSection
EndGlobal
