
Microsoft Visual Studio Solution File, Format Version 12.00
# Visual Studio Version 16
VisualStudioVersion = 16.0.30406.217
MinimumVisualStudioVersion = 10.0.40219.1
Project("{FAE04EC0-301F-11D3-BF4B-00C04F79EFBC}") = "ShoZaWPF", "ShoZaWPF\ShoZaWPF.csproj", "{D52BCC1A-05A8-454A-BD1C-CE49139C0E01}"
EndProject
Global
	GlobalSection(SolutionConfigurationPlatforms) = preSolution
		Debug|Any CPU = Debug|Any CPU
		Release|Any CPU = Release|Any CPU
	EndGlobalSection
	GlobalSection(ProjectConfigurationPlatforms) = postSolution
		{D52BCC1A-05A8-454A-BD1C-CE49139C0E01}.Debug|Any CPU.ActiveCfg = Debug|Any CPU
		{D52BCC1A-05A8-454A-BD1C-CE49139C0E01}.Debug|Any CPU.Build.0 = Debug|Any CPU
		{D52BCC1A-05A8-454A-BD1C-CE49139C0E01}.Release|Any CPU.ActiveCfg = Release|Any CPU
		{D52BCC1A-05A8-454A-BD1C-CE49139C0E01}.Release|Any CPU.Build.0 = Release|Any CPU
	EndGlobalSection
	GlobalSection(SolutionProperties) = preSolution
		HideSolutionNode = FALSE
	EndGlobalSection
	GlobalSection(ExtensibilityGlobals) = postSolution
		SolutionGuid = {EC563E88-F6F5-47B7-9B12-55BDA2DFDE31}
	EndGlobalSection
EndGlobal
